
Microsoft Visual Studio Solution File, Format Version 12.00
# Visual Studio Version 17
VisualStudioVersion = 17.4.33110.190
MinimumVisualStudioVersion = 10.0.40219.1
Project("{FAE04EC0-301F-11D3-BF4B-00C04F79EFBC}") = "LittleGames", "LittleGames\LittleGames.csproj", "{8AE08C10-25F3-49BD-9C2D-62F96AE52FE7}"
EndProject
Project("{FAE04EC0-301F-11D3-BF4B-00C04F79EFBC}") = "GameBase", "GameBase\GameBase.csproj", "{4ACC7598-5ACF-418E-BB4C-C6550BB74D77}"
EndProject
Project("{FAE04EC0-301F-11D3-BF4B-00C04F79EFBC}") = "CrapsGame", "CrapsGame\CrapsGame.csproj", "{C2579191-E868-4AD8-98AE-370E499FAC37}"
EndProject
Project("{FAE04EC0-301F-11D3-BF4B-00C04F79EFBC}") = "GuessITGame", "GuessITGame\GuessITGame.csproj", "{A219F8A7-DAB9-45D4-8E16-1CC1809B46AA}"
EndProject
Project("{FAE04EC0-301F-11D3-BF4B-00C04F79EFBC}") = "NvJeuGame", "NvJeu\NvJeuGame.csproj", "{065C85F8-0770-4ED2-919D-A03380FE003E}"
EndProject
Global
	GlobalSection(SolutionConfigurationPlatforms) = preSolution
		Debug|Any CPU = Debug|Any CPU
		Release|Any CPU = Release|Any CPU
	EndGlobalSection
	GlobalSection(ProjectConfigurationPlatforms) = postSolution
		{8AE08C10-25F3-49BD-9C2D-62F96AE52FE7}.Debug|Any CPU.ActiveCfg = Debug|Any CPU
		{8AE08C10-25F3-49BD-9C2D-62F96AE52FE7}.Debug|Any CPU.Build.0 = Debug|Any CPU
		{8AE08C10-25F3-49BD-9C2D-62F96AE52FE7}.Release|Any CPU.ActiveCfg = Release|Any CPU
		{8AE08C10-25F3-49BD-9C2D-62F96AE52FE7}.Release|Any CPU.Build.0 = Release|Any CPU
		{4ACC7598-5ACF-418E-BB4C-C6550BB74D77}.Debug|Any CPU.ActiveCfg = Debug|Any CPU
		{4ACC7598-5ACF-418E-BB4C-C6550BB74D77}.Debug|Any CPU.Build.0 = Debug|Any CPU
		{4ACC7598-5ACF-418E-BB4C-C6550BB74D77}.Release|Any CPU.ActiveCfg = Release|Any CPU
		{4ACC7598-5ACF-418E-BB4C-C6550BB74D77}.Release|Any CPU.Build.0 = Release|Any CPU
		{C2579191-E868-4AD8-98AE-370E499FAC37}.Debug|Any CPU.ActiveCfg = Debug|Any CPU
		{C2579191-E868-4AD8-98AE-370E499FAC37}.Debug|Any CPU.Build.0 = Debug|Any CPU
		{C2579191-E868-4AD8-98AE-370E499FAC37}.Release|Any CPU.ActiveCfg = Release|Any CPU
		{C2579191-E868-4AD8-98AE-370E499FAC37}.Release|Any CPU.Build.0 = Release|Any CPU
		{A219F8A7-DAB9-45D4-8E16-1CC1809B46AA}.Debug|Any CPU.ActiveCfg = Debug|Any CPU
		{A219F8A7-DAB9-45D4-8E16-1CC1809B46AA}.Debug|Any CPU.Build.0 = Debug|Any CPU
		{A219F8A7-DAB9-45D4-8E16-1CC1809B46AA}.Release|Any CPU.ActiveCfg = Release|Any CPU
		{A219F8A7-DAB9-45D4-8E16-1CC1809B46AA}.Release|Any CPU.Build.0 = Release|Any CPU
		{065C85F8-0770-4ED2-919D-A03380FE003E}.Debug|Any CPU.ActiveCfg = Debug|Any CPU
		{065C85F8-0770-4ED2-919D-A03380FE003E}.Debug|Any CPU.Build.0 = Debug|Any CPU
		{065C85F8-0770-4ED2-919D-A03380FE003E}.Release|Any CPU.ActiveCfg = Release|Any CPU
		{065C85F8-0770-4ED2-919D-A03380FE003E}.Release|Any CPU.Build.0 = Release|Any CPU
	EndGlobalSection
	GlobalSection(SolutionProperties) = preSolution
		HideSolutionNode = FALSE
	EndGlobalSection
	GlobalSection(ExtensibilityGlobals) = postSolution
		SolutionGuid = {DA7F8784-A303-4925-ADD6-359CFB927F3A}
	EndGlobalSection
EndGlobal
